# This file is autogenerated, do not edit; changes may be undone by the next 'dep ensure'.


[[projects]]
  name = "github.com/graphql-go/graphql"
  packages = [
    ".",
    "gqlerrors",
    "language/ast",
    "language/kinds",
    "language/lexer",
    "language/location",
    "language/parser",
    "language/printer",
    "language/source",
    "language/typeInfo",
    "language/visitor"
  ]
  revision = "1e23489041ba90a66f317fe0deccb236a2fff3cb"
  version = "v0.7.5"

[[projects]]
  name = "github.com/graphql-go/handler"
  packages = ["."]
  revision = "f0393b2c10daeebea900292b8e092e73475399d9"
  version = "v0.2.1"

[[projects]]
  name = "github.com/urfave/cli"
  packages = ["."]
  revision = "cfb38830724cc34fedffe9a2a29fb54fa9169cd1"
  version = "v1.20.0"

[[projects]]
  branch = "v2"
  name = "gopkg.in/mgo.v2"
  packages = [
    ".",
    "bson",
    "internal/json",
    "internal/sasl",
    "internal/scram"
  ]
  revision = "3f83fa5005286a7fe593b055f0d7771a7dce4655"

[solve-meta]
  analyzer-name = "dep"
  analyzer-version = 1
  inputs-digest = "edc7b0552de536db372e2951e7a4a29ec60118f339fec4db6633ea8e14930373"
  solver-name = "gps-cdcl"
  solver-version = 1
